{
  "nodes": {
    "aaflib": {
      "inputs": {
        "flake-parts": [
          "pappus",
          "flake-parts"
        ],
        "foolnotion": [
          "pappus",
          "foolnotion"
        ],
        "nixpkgs": [
          "pappus",
          "nixpkgs"
        ]
      },
      "locked": {
        "lastModified": 1782807344,
        "narHash": "sha256-oVhEuu6rEiI2gCz1dY+qe0dOm1UIOqU2qLH8ICZfTSw=",
        "owner": "foolnotion",
        "repo": "aaflib",
        "rev": "af154f66d79998f5b0c9d5f185f6d3d49a859547",
        "type": "github"
      },
      "original": {
        "owner": "foolnotion",
        "repo": "aaflib",
        "type": "github"
      }
    },
    "flake-parts": {
      "inputs": {
        "nixpkgs-lib": "nixpkgs-lib"
      },
      "locked": {
        "lastModified": 1782949081,
        "narHash": "sha256-vp6Y/Grm98ESt6ceOkWiHWyZRDV3J1RID4w+6NWK9yA=",
        "owner": "hercules-ci",
        "repo": "flake-parts",
        "rev": "17c9d6cdfc60c64f4ee8d306f9bc0b4ccb51481e",
        "type": "github"
      },
      "original": {
        "owner": "hercules-ci",
        "repo": "flake-parts",
        "type": "github"
      }
    },
    "flake-parts_2": {
      "inputs": {
        "nixpkgs-lib": "nixpkgs-lib_2"
      },
      "locked": {
        "lastModified": 1778716662,
        "narHash": "sha256-m1Yf0wZ8j1OHjTc2UwHwyQRSnNeSgLJOd7q5Y45hzi4=",
        "owner": "hercules-ci",
        "repo": "flake-parts",
        "rev": "f7c1a2d347e4c52d5fb8d10cb4d94b5884e546fb",
        "type": "github"
      },
      "original": {
        "owner": "hercules-ci",
        "repo": "flake-parts",
        "type": "github"
      }
    },
    "flake-parts_3": {
      "inputs": {
        "nixpkgs-lib": "nixpkgs-lib_3"
      },
      "locked": {
        "lastModified": 1772408722,
        "narHash": "sha256-rHuJtdcOjK7rAHpHphUb1iCvgkU3GpfvicLMwwnfMT0=",
        "owner": "hercules-ci",
        "repo": "flake-parts",
        "rev": "f20dc5d9b8027381c474144ecabc9034d6a839a3",
        "type": "github"
      },
      "original": {
        "owner": "hercules-ci",
        "repo": "flake-parts",
        "type": "github"
      }
    },
    "flake-parts_4": {
      "inputs": {
        "nixpkgs-lib": "nixpkgs-lib_4"
      },
      "locked": {
        "lastModified": 1762440070,
        "narHash": "sha256-xxdepIcb39UJ94+YydGP221rjnpkDZUlykKuF54PsqI=",
        "owner": "hercules-ci",
        "repo": "flake-parts",
        "rev": "26d05891e14c88eb4a5d5bee659c0db5afb609d8",
        "type": "github"
      },
      "original": {
        "owner": "hercules-ci",
        "repo": "flake-parts",
        "type": "github"
      }
    },
    "flake-parts_5": {
      "inputs": {
        "nixpkgs-lib": "nixpkgs-lib_5"
      },
      "locked": {
        "lastModified": 1778716662,
        "narHash": "sha256-m1Yf0wZ8j1OHjTc2UwHwyQRSnNeSgLJOd7q5Y45hzi4=",
        "owner": "hercules-ci",
        "repo": "flake-parts",
        "rev": "f7c1a2d347e4c52d5fb8d10cb4d94b5884e546fb",
        "type": "github"
      },
      "original": {
        "owner": "hercules-ci",
        "repo": "flake-parts",
        "type": "github"
      }
    },
    "flake-parts_6": {
      "inputs": {
        "nixpkgs-lib": "nixpkgs-lib_6"
      },
      "locked": {
        "lastModified": 1778716662,
        "narHash": "sha256-m1Yf0wZ8j1OHjTc2UwHwyQRSnNeSgLJOd7q5Y45hzi4=",
        "owner": "hercules-ci",
        "repo": "flake-parts",
        "rev": "f7c1a2d347e4c52d5fb8d10cb4d94b5884e546fb",
        "type": "github"
      },
      "original": {
        "owner": "hercules-ci",
        "repo": "flake-parts",
        "type": "github"
      }
    },
    "flake-parts_7": {
      "inputs": {
        "nixpkgs-lib": "nixpkgs-lib_7"
      },
      "locked": {
        "lastModified": 1715865404,
        "narHash": "sha256-/GJvTdTpuDjNn84j82cU6bXztE0MSkdnTWClUCRub78=",
        "owner": "hercules-ci",
        "repo": "flake-parts",
        "rev": "8dc45382d5206bd292f9c2768b8058a8fd8311d9",
        "type": "github"
      },
      "original": {
        "owner": "hercules-ci",
        "repo": "flake-parts",
        "type": "github"
      }
    },
    "flake-parts_8": {
      "inputs": {
        "nixpkgs-lib": "nixpkgs-lib_8"
      },
      "locked": {
        "lastModified": 1765835352,
        "narHash": "sha256-XswHlK/Qtjasvhd1nOa1e8MgZ8GS//jBoTqWtrS1Giw=",
        "owner": "hercules-ci",
        "repo": "flake-parts",
        "rev": "a34fae9c08a15ad73f295041fec82323541400a9",
        "type": "github"
      },
      "original": {
        "owner": "hercules-ci",
        "repo": "flake-parts",
        "type": "github"
      }
    },
    "fluky": {
      "inputs": {
        "flake-parts": "flake-parts_2",
        "foolnotion": "foolnotion",
        "nixpkgs": [
          "nixpkgs"
        ]
      },
      "locked": {
        "lastModified": 1783236475,
        "narHash": "sha256-K0Vg89EzbW/n4mrWHgCxap53PovXXZaVYnixG0XLTVk=",
        "owner": "foolnotion",
        "repo": "fluky",
        "rev": "bc7fd453f0cdf900b17b20bb6d22aff1b9dc6d98",
        "type": "github"
      },
      "original": {
        "owner": "foolnotion",
        "repo": "fluky",
        "type": "github"
      }
    },
    "foolnotion": {
      "inputs": {
        "nixpkgs": [
          "fluky",
          "nixpkgs"
        ]
      },
      "locked": {
        "lastModified": 1782135435,
        "narHash": "sha256-Gt5FI2DK3/cQWpZmeGqzG7SlL6Tz+2KSddw/Z5vJ5RU=",
        "owner": "foolnotion",
        "repo": "nur-pkg",
        "rev": "c3ce6c392c44dbdd0f8b0fed0b326c8e7e545250",
        "type": "github"
      },
      "original": {
        "owner": "foolnotion",
        "repo": "nur-pkg",
        "type": "github"
      }
    },
    "foolnotion_2": {
      "inputs": {
        "nixpkgs": [
          "nixpkgs"
        ]
      },
      "locked": {
        "lastModified": 1783144483,
        "narHash": "sha256-InCMAjZZE7yZU2zUVAE8RR4v2K3qjuu9oBiFCj2TeZo=",
        "owner": "foolnotion",
        "repo": "nur-pkg",
        "rev": "26fe2d4395a6a0f66dff237b006526c35a8954cd",
        "type": "github"
      },
      "original": {
        "owner": "foolnotion",
        "repo": "nur-pkg",
        "type": "github"
      }
    },
    "foolnotion_3": {
      "inputs": {
        "nixpkgs": [
          "infix-parser",
          "nixpkgs"
        ]
      },
      "locked": {
        "lastModified": 1772011221,
        "narHash": "sha256-dnwURHYlg83pqUNtLEsaOwZ2vVVK25afWSB87bMh+WQ=",
        "owner": "foolnotion",
        "repo": "nur-pkg",
        "rev": "56996155e9d97aff4cf4515de1ab7d4df21bdd74",
        "type": "github"
      },
      "original": {
        "owner": "foolnotion",
        "repo": "nur-pkg",
        "type": "github"
      }
    },
    "foolnotion_4": {
      "inputs": {
        "nixpkgs": [
          "lbfgs",
          "nixpkgs"
        ]
      },
      "locked": {
        "lastModified": 1762605607,
        "narHash": "sha256-+bYRFd2BTrCeKlBeUcqD7UMyNSw9Mz5OjxpbZranaVw=",
        "owner": "foolnotion",
        "repo": "nur-pkg",
        "rev": "7778a460453314b2d1d914233bd5fbadf90a3e98",
        "type": "github"
      },
      "original": {
        "owner": "foolnotion",
        "repo": "nur-pkg",
        "type": "github"
      }
    },
    "foolnotion_5": {
      "inputs": {
        "nixpkgs": [
          "ndsort",
          "nixpkgs"
        ]
      },
      "locked": {
        "lastModified": 1779108879,
        "narHash": "sha256-eOaKAyfbNNmiGdW9qHJ4BSYj2RbFElhwFqZFaADFUxg=",
        "owner": "foolnotion",
        "repo": "nur-pkg",
        "rev": "24a0f018cee1a93d85439da450fdfd4fcb3700d5",
        "type": "github"
      },
      "original": {
        "owner": "foolnotion",
        "repo": "nur-pkg",
        "type": "github"
      }
    },
    "infix-parser": {
      "inputs": {
        "flake-parts": "flake-parts_3",
        "foolnotion": "foolnotion_3",
        "nixpkgs": [
          "nixpkgs"
        ]
      },
      "locked": {
        "lastModified": 1783236467,
        "narHash": "sha256-KIlPT3p0uE137CABZkWkkJ7D0WdZI3ETya2p1LjhwQw=",
        "owner": "foolnotion",
        "repo": "infix-parser",
        "rev": "2e48507942f3c1c6c04385d688402bc1b76220e0",
        "type": "github"
      },
      "original": {
        "owner": "foolnotion",
        "repo": "infix-parser",
        "type": "github"
      }
    },
    "lbfgs": {
      "inputs": {
        "flake-parts": "flake-parts_4",
        "foolnotion": "foolnotion_4",
        "nixpkgs": [
          "nixpkgs"
        ]
      },
      "locked": {
        "lastModified": 1783249452,
        "narHash": "sha256-AWeGhbo8kNNzP77MOS69uyYtt3U7UqpFZSCS5CSuILM=",
        "owner": "foolnotion",
        "repo": "lbfgs",
        "rev": "2ccd9d9c173bec3b3ecd9580f3988ea9148dfeba",
        "type": "github"
      },
      "original": {
        "owner": "foolnotion",
        "repo": "lbfgs",
        "type": "github"
      }
    },
    "ndsort": {
      "inputs": {
        "flake-parts": "flake-parts_5",
        "foolnotion": "foolnotion_5",
        "nixpkgs": [
          "nixpkgs"
        ]
      },
      "locked": {
        "lastModified": 1783248644,
        "narHash": "sha256-wyz5WN4s1XwihelhdLGwlmjTf8iRPxlmzGr6fKjwFfE=",
        "owner": "foolnotion",
        "repo": "ndsort",
        "rev": "6313b45ee97e86dbefaad355b0a50b87357db38a",
        "type": "github"
      },
      "original": {
        "owner": "foolnotion",
        "repo": "ndsort",
        "type": "github"
      }
    },
    "nixpkgs": {
      "locked": {
        "lastModified": 1783337660,
        "narHash": "sha256-C+dKAAJt4ZoEEX4OMKda9FCLaG/7OaMjcDlo6G2E6IY=",
        "owner": "nixos",
        "repo": "nixpkgs",
        "rev": "266a3597f538657576ca4b476bb032b68bace284",
        "type": "github"
      },
      "original": {
        "owner": "nixos",
        "ref": "master",
        "repo": "nixpkgs",
        "type": "github"
      }
    },
    "nixpkgs-lib": {
      "locked": {
        "lastModified": 1782614948,
        "narHash": "sha256-ePjCwr1sNm9NYUqywL7QfK3JnlS015msC+eBu2zKlp8=",
        "owner": "nix-community",
        "repo": "nixpkgs.lib",
        "rev": "db3f255737b94216eb71cce308e2912cf6bc2d7c",
        "type": "github"
      },
      "original": {
        "owner": "nix-community",
        "repo": "nixpkgs.lib",
        "type": "github"
      }
    },
    "nixpkgs-lib_2": {
      "locked": {
        "lastModified": 1777168982,
        "narHash": "sha256-GOkGPcboWE9BmGCRMLX3worL4EMnsnG8MyKmXNeYuhQ=",
        "owner": "nix-community",
        "repo": "nixpkgs.lib",
        "rev": "f5901329dade4a6ea039af1433fb087bd9c1fe14",
        "type": "github"
      },
      "original": {
        "owner": "nix-community",
        "repo": "nixpkgs.lib",
        "type": "github"
      }
    },
    "nixpkgs-lib_3": {
      "locked": {
        "lastModified": 1772328832,
        "narHash": "sha256-e+/T/pmEkLP6BHhYjx6GmwP5ivonQQn0bJdH9YrRB+Q=",
        "owner": "nix-community",
        "repo": "nixpkgs.lib",
        "rev": "c185c7a5e5dd8f9add5b2f8ebeff00888b070742",
        "type": "github"
      },
      "original": {
        "owner": "nix-community",
        "repo": "nixpkgs.lib",
        "type": "github"
      }
    },
    "nixpkgs-lib_4": {
      "locked": {
        "lastModified": 1761765539,
        "narHash": "sha256-b0yj6kfvO8ApcSE+QmA6mUfu8IYG6/uU28OFn4PaC8M=",
        "owner": "nix-community",
        "repo": "nixpkgs.lib",
        "rev": "719359f4562934ae99f5443f20aa06c2ffff91fc",
        "type": "github"
      },
      "original": {
        "owner": "nix-community",
        "repo": "nixpkgs.lib",
        "type": "github"
      }
    },
    "nixpkgs-lib_5": {
      "locked": {
        "lastModified": 1777168982,
        "narHash": "sha256-GOkGPcboWE9BmGCRMLX3worL4EMnsnG8MyKmXNeYuhQ=",
        "owner": "nix-community",
        "repo": "nixpkgs.lib",
        "rev": "f5901329dade4a6ea039af1433fb087bd9c1fe14",
        "type": "github"
      },
      "original": {
        "owner": "nix-community",
        "repo": "nixpkgs.lib",
        "type": "github"
      }
    },
    "nixpkgs-lib_6": {
      "locked": {
        "lastModified": 1777168982,
        "narHash": "sha256-GOkGPcboWE9BmGCRMLX3worL4EMnsnG8MyKmXNeYuhQ=",
        "owner": "nix-community",
        "repo": "nixpkgs.lib",
        "rev": "f5901329dade4a6ea039af1433fb087bd9c1fe14",
        "type": "github"
      },
      "original": {
        "owner": "nix-community",
        "repo": "nixpkgs.lib",
        "type": "github"
      }
    },
    "nixpkgs-lib_7": {
      "locked": {
        "lastModified": 1714640452,
        "narHash": "sha256-QBx10+k6JWz6u7VsohfSw8g8hjdBZEf8CFzXH1/1Z94=",
        "type": "tarball",
        "url": "https://github.com/NixOS/nixpkgs/archive/50eb7ecf4cd0a5756d7275c8ba36790e5bd53e33.tar.gz"
      },
      "original": {
        "type": "tarball",
        "url": "https://github.com/NixOS/nixpkgs/archive/50eb7ecf4cd0a5756d7275c8ba36790e5bd53e33.tar.gz"
      }
    },
    "nixpkgs-lib_8": {
      "locked": {
        "lastModified": 1765674936,
        "narHash": "sha256-k00uTP4JNfmejrCLJOwdObYC9jHRrr/5M/a/8L2EIdo=",
        "owner": "nix-community",
        "repo": "nixpkgs.lib",
        "rev": "2075416fcb47225d9b68ac469a5c4801a9c4dd85",
        "type": "github"
      },
      "original": {
        "owner": "nix-community",
        "repo": "nixpkgs.lib",
        "type": "github"
      }
    },
    "pappus": {
      "inputs": {
        "aaflib": "aaflib",
        "flake-parts": "flake-parts_6",
        "foolnotion": [
          "foolnotion"
        ],
        "nixpkgs": [
          "nixpkgs"
        ]
      },
      "locked": {
        "lastModified": 1783249461,
        "narHash": "sha256-QwmF1oxdNnapuN0ZgwSdFILyHhJQRL73LW2GX0tPkiA=",
        "owner": "heal-research",
        "repo": "pappus",
        "rev": "b67fc412090c0bac324f6a3f2bbf4e07089eb67f",
        "type": "github"
      },
      "original": {
        "owner": "heal-research",
        "repo": "pappus",
        "type": "github"
      }
    },
    "root": {
      "inputs": {
        "flake-parts": "flake-parts",
        "fluky": "fluky",
        "foolnotion": "foolnotion_2",
        "infix-parser": "infix-parser",
        "lbfgs": "lbfgs",
        "ndsort": "ndsort",
        "nixpkgs": "nixpkgs",
        "pappus": "pappus",
        "vdt": "vdt",
        "vstat": "vstat"
      }
    },
    "vdt": {
      "inputs": {
        "flake-parts": "flake-parts_7",
        "nixpkgs": [
          "nixpkgs"
        ]
      },
      "locked": {
        "lastModified": 1743935958,
        "narHash": "sha256-1xtXIifWA0IKMXUuNO7RxII1bK1ZPJrxczF+ENztvyU=",
        "owner": "foolnotion",
        "repo": "vdt",
        "rev": "86f8b8ceee948285206bf755ecadba4d07893a62",
        "type": "github"
      },
      "original": {
        "owner": "foolnotion",
        "ref": "master",
        "repo": "vdt",
        "type": "github"
      }
    },
    "vstat": {
      "inputs": {
        "flake-parts": "flake-parts_8",
        "foolnotion": [
          "foolnotion"
        ],
        "nixpkgs": [
          "nixpkgs"
        ]
      },
      "locked": {
        "lastModified": 1780595758,
        "narHash": "sha256-EYATco7ZfRCMk53FTydO+6qwTe8CiIctF8wSw+IUbUo=",
        "owner": "heal-research",
        "repo": "vstat",
        "rev": "dd174d0dcc4a9fe7d15e8667a2ccb69b3870ded7",
        "type": "github"
      },
      "original": {
        "owner": "heal-research",
        "repo": "vstat",
        "type": "github"
      }
    }
  },
  "root": "root",
  "version": 7
}
