{
  "nodes": {
    "flake-utils": {
      "inputs": {
        "systems": "systems"
      },
      "locked": {
        "lastModified": 1710146030,
        "narHash": "sha256-SZ5L6eA7HJ/nmkzGG7/ISclqe6oZdOZTNoesiInkXPQ=",
        "owner": "numtide",
        "repo": "flake-utils",
        "rev": "b1d9ab70662946ef0850d488da1c9019f3a9752a",
        "type": "github"
      },
      "original": {
        "owner": "numtide",
        "repo": "flake-utils",
        "type": "github"
      }
    },
    "flake-utils_2": {
      "inputs": {
        "systems": "systems_2"
      },
      "locked": {
        "lastModified": 1710146030,
        "narHash": "sha256-SZ5L6eA7HJ/nmkzGG7/ISclqe6oZdOZTNoesiInkXPQ=",
        "owner": "numtide",
        "repo": "flake-utils",
        "rev": "b1d9ab70662946ef0850d488da1c9019f3a9752a",
        "type": "github"
      },
      "original": {
        "owner": "numtide",
        "repo": "flake-utils",
        "type": "github"
      }
    },
    "flake-utils_3": {
      "inputs": {
        "systems": "systems_3"
      },
      "locked": {
        "lastModified": 1710146030,
        "narHash": "sha256-SZ5L6eA7HJ/nmkzGG7/ISclqe6oZdOZTNoesiInkXPQ=",
        "owner": "numtide",
        "repo": "flake-utils",
        "rev": "b1d9ab70662946ef0850d488da1c9019f3a9752a",
        "type": "github"
      },
      "original": {
        "owner": "numtide",
        "repo": "flake-utils",
        "type": "github"
      }
    },
    "flake-utils_4": {
      "inputs": {
        "systems": "systems_4"
      },
      "locked": {
        "lastModified": 1701680307,
        "narHash": "sha256-kAuep2h5ajznlPMD9rnQyffWG8EM/C73lejGofXvdM8=",
        "owner": "numtide",
        "repo": "flake-utils",
        "rev": "4022d587cbbfd70fe950c1e2083a02621806a725",
        "type": "github"
      },
      "original": {
        "owner": "numtide",
        "repo": "flake-utils",
        "type": "github"
      }
    },
    "flake-utils_5": {
      "inputs": {
        "systems": "systems_5"
      },
      "locked": {
        "lastModified": 1710146030,
        "narHash": "sha256-SZ5L6eA7HJ/nmkzGG7/ISclqe6oZdOZTNoesiInkXPQ=",
        "owner": "numtide",
        "repo": "flake-utils",
        "rev": "b1d9ab70662946ef0850d488da1c9019f3a9752a",
        "type": "github"
      },
      "original": {
        "owner": "numtide",
        "repo": "flake-utils",
        "type": "github"
      }
    },
    "foolnotion": {
      "inputs": {
        "nixpkgs": [
          "nixpkgs"
        ]
      },
      "locked": {
        "lastModified": 1714463628,
        "narHash": "sha256-58N7PhmMvArtOXurpGLa2QtDJCfE9v5YvEnz7gPf3wo=",
        "owner": "foolnotion",
        "repo": "nur-pkg",
        "rev": "eae6690e3cf1f5866ed0713b82b0d0d2b5575bcb",
        "type": "github"
      },
      "original": {
        "owner": "foolnotion",
        "repo": "nur-pkg",
        "type": "github"
      }
    },
    "foolnotion_2": {
      "inputs": {
        "nixpkgs": [
          "lbfgs",
          "nixpkgs"
        ]
      },
      "locked": {
        "lastModified": 1714463628,
        "narHash": "sha256-58N7PhmMvArtOXurpGLa2QtDJCfE9v5YvEnz7gPf3wo=",
        "owner": "foolnotion",
        "repo": "nur-pkg",
        "rev": "eae6690e3cf1f5866ed0713b82b0d0d2b5575bcb",
        "type": "github"
      },
      "original": {
        "owner": "foolnotion",
        "repo": "nur-pkg",
        "type": "github"
      }
    },
    "foolnotion_3": {
      "inputs": {
        "nixpkgs": "nixpkgs_2"
      },
      "locked": {
        "lastModified": 1714463628,
        "narHash": "sha256-58N7PhmMvArtOXurpGLa2QtDJCfE9v5YvEnz7gPf3wo=",
        "owner": "foolnotion",
        "repo": "nur-pkg",
        "rev": "eae6690e3cf1f5866ed0713b82b0d0d2b5575bcb",
        "type": "github"
      },
      "original": {
        "owner": "foolnotion",
        "repo": "nur-pkg",
        "type": "github"
      }
    },
    "foolnotion_4": {
      "inputs": {
        "nixpkgs": "nixpkgs_3"
      },
      "locked": {
        "lastModified": 1714463628,
        "narHash": "sha256-58N7PhmMvArtOXurpGLa2QtDJCfE9v5YvEnz7gPf3wo=",
        "owner": "foolnotion",
        "repo": "nur-pkg",
        "rev": "eae6690e3cf1f5866ed0713b82b0d0d2b5575bcb",
        "type": "github"
      },
      "original": {
        "owner": "foolnotion",
        "repo": "nur-pkg",
        "type": "github"
      }
    },
    "lbfgs": {
      "inputs": {
        "flake-utils": "flake-utils_2",
        "foolnotion": "foolnotion_2",
        "nixpkgs": [
          "nixpkgs"
        ]
      },
      "locked": {
        "lastModified": 1691590709,
        "narHash": "sha256-3mlSjAoZceGohMl81Q5kdR1aQQBPdj8IwxBV0xLaL48=",
        "owner": "foolnotion",
        "repo": "lbfgs",
        "rev": "0ac2cb5b8ffea5e3e71f264d8e2d37d585449512",
        "type": "github"
      },
      "original": {
        "owner": "foolnotion",
        "repo": "lbfgs",
        "type": "github"
      }
    },
    "nixpkgs": {
      "locked": {
        "lastModified": 1714463833,
        "narHash": "sha256-2QTF0WufldsBDkB7dl0WkaxN+V1svbgfRQlXVGayolQ=",
        "owner": "nixos",
        "repo": "nixpkgs",
        "rev": "38cc39329a91a925aba2fb32db33fd759a5306fa",
        "type": "github"
      },
      "original": {
        "owner": "nixos",
        "ref": "master",
        "repo": "nixpkgs",
        "type": "github"
      }
    },
    "nixpkgs_2": {
      "locked": {
        "lastModified": 1714463833,
        "narHash": "sha256-2QTF0WufldsBDkB7dl0WkaxN+V1svbgfRQlXVGayolQ=",
        "owner": "NixOS",
        "repo": "nixpkgs",
        "rev": "38cc39329a91a925aba2fb32db33fd759a5306fa",
        "type": "github"
      },
      "original": {
        "owner": "NixOS",
        "ref": "master",
        "repo": "nixpkgs",
        "type": "github"
      }
    },
    "nixpkgs_3": {
      "locked": {
        "lastModified": 1714463833,
        "narHash": "sha256-2QTF0WufldsBDkB7dl0WkaxN+V1svbgfRQlXVGayolQ=",
        "owner": "NixOS",
        "repo": "nixpkgs",
        "rev": "38cc39329a91a925aba2fb32db33fd759a5306fa",
        "type": "github"
      },
      "original": {
        "owner": "NixOS",
        "ref": "master",
        "repo": "nixpkgs",
        "type": "github"
      }
    },
    "pratt-parser": {
      "inputs": {
        "flake-utils": "flake-utils_3",
        "foolnotion": "foolnotion_3",
        "nixpkgs": [
          "nixpkgs"
        ]
      },
      "locked": {
        "lastModified": 1712963503,
        "narHash": "sha256-dTPg7yneHtjvtMCoZ4WE07TTdDzFGt5BXme/U2j7hOI=",
        "owner": "foolnotion",
        "repo": "pratt-parser-calculator",
        "rev": "83b71b29ed0bf0a8ba0222b4de27cde807849ee9",
        "type": "github"
      },
      "original": {
        "owner": "foolnotion",
        "repo": "pratt-parser-calculator",
        "type": "github"
      }
    },
    "root": {
      "inputs": {
        "flake-utils": "flake-utils",
        "foolnotion": "foolnotion",
        "lbfgs": "lbfgs",
        "nixpkgs": "nixpkgs",
        "pratt-parser": "pratt-parser",
        "vdt": "vdt",
        "vstat": "vstat"
      }
    },
    "systems": {
      "locked": {
        "lastModified": 1681028828,
        "narHash": "sha256-Vy1rq5AaRuLzOxct8nz4T6wlgyUR7zLU309k9mBC768=",
        "owner": "nix-systems",
        "repo": "default",
        "rev": "da67096a3b9bf56a91d16901293e51ba5b49a27e",
        "type": "github"
      },
      "original": {
        "owner": "nix-systems",
        "repo": "default",
        "type": "github"
      }
    },
    "systems_2": {
      "locked": {
        "lastModified": 1681028828,
        "narHash": "sha256-Vy1rq5AaRuLzOxct8nz4T6wlgyUR7zLU309k9mBC768=",
        "owner": "nix-systems",
        "repo": "default",
        "rev": "da67096a3b9bf56a91d16901293e51ba5b49a27e",
        "type": "github"
      },
      "original": {
        "owner": "nix-systems",
        "repo": "default",
        "type": "github"
      }
    },
    "systems_3": {
      "locked": {
        "lastModified": 1681028828,
        "narHash": "sha256-Vy1rq5AaRuLzOxct8nz4T6wlgyUR7zLU309k9mBC768=",
        "owner": "nix-systems",
        "repo": "default",
        "rev": "da67096a3b9bf56a91d16901293e51ba5b49a27e",
        "type": "github"
      },
      "original": {
        "owner": "nix-systems",
        "repo": "default",
        "type": "github"
      }
    },
    "systems_4": {
      "locked": {
        "lastModified": 1681028828,
        "narHash": "sha256-Vy1rq5AaRuLzOxct8nz4T6wlgyUR7zLU309k9mBC768=",
        "owner": "nix-systems",
        "repo": "default",
        "rev": "da67096a3b9bf56a91d16901293e51ba5b49a27e",
        "type": "github"
      },
      "original": {
        "owner": "nix-systems",
        "repo": "default",
        "type": "github"
      }
    },
    "systems_5": {
      "locked": {
        "lastModified": 1681028828,
        "narHash": "sha256-Vy1rq5AaRuLzOxct8nz4T6wlgyUR7zLU309k9mBC768=",
        "owner": "nix-systems",
        "repo": "default",
        "rev": "da67096a3b9bf56a91d16901293e51ba5b49a27e",
        "type": "github"
      },
      "original": {
        "owner": "nix-systems",
        "repo": "default",
        "type": "github"
      }
    },
    "vdt": {
      "inputs": {
        "flake-utils": "flake-utils_4",
        "nixpkgs": [
          "nixpkgs"
        ]
      },
      "locked": {
        "lastModified": 1702643375,
        "narHash": "sha256-DElmGB4TzmrOm3ZoV/8hE8Ap53hd6frXYMQMKmlGanc=",
        "owner": "foolnotion",
        "repo": "vdt",
        "rev": "f23b87bbebdbac0a3e53d5e560c3d5f68790ea83",
        "type": "github"
      },
      "original": {
        "owner": "foolnotion",
        "ref": "master",
        "repo": "vdt",
        "type": "github"
      }
    },
    "vstat": {
      "inputs": {
        "flake-utils": "flake-utils_5",
        "foolnotion": "foolnotion_4",
        "nixpkgs": [
          "nixpkgs"
        ]
      },
      "locked": {
        "lastModified": 1711321977,
        "narHash": "sha256-yGbdec6OexJt+4H5V1pzub9R5fH4J2l+vXQWEq0/ohU=",
        "owner": "heal-research",
        "repo": "vstat",
        "rev": "428ec2385aebf44d9ba89064b2b2ef419fd6206a",
        "type": "github"
      },
      "original": {
        "owner": "heal-research",
        "repo": "vstat",
        "type": "github"
      }
    }
  },
  "root": "root",
  "version": 7
}
